// !$*UTF8*$!
{
	archiveVersion = 1;
	classes = {
	};
	objectVersion = 46;
	objects = {

/* Begin PBXBuildFile section */
		4A2126681AB2068500BF0F10 /* main.m in Sources */ = {isa = PBXBuildFile; fileRef = 4A2126671AB2068500BF0F10 /* main.m */; };
		4A21266B1AB2068500BF0F10 /* AppDelegate.m in Sources */ = {isa = PBXBuildFile; fileRef = 4A21266A1AB2068500BF0F10 /* AppDelegate.m */; };
		4A21266E1AB2068500BF0F10 /* CollageViewController.m in Sources */ = {isa = PBXBuildFile; fileRef = 4A21266D1AB2068500BF0F10 /* CollageViewController.m */; };
		4A2126711AB2068500BF0F10 /* Main.storyboard in Resources */ = {isa = PBXBuildFile; fileRef = 4A21266F1AB2068500BF0F10 /* Main.storyboard */; };
		4A2126731AB2068500BF0F10 /* Images.xcassets in Resources */ = {isa = PBXBuildFile; fileRef = 4A2126721AB2068500BF0F10 /* Images.xcassets */; };
		4A2126761AB2068500BF0F10 /* LaunchScreen.xib in Resources */ = {isa = PBXBuildFile; fileRef = 4A2126741AB2068500BF0F10 /* LaunchScreen.xib */; };
		4A2126821AB2068500BF0F10 /* CollagesTests.m in Sources */ = {isa = PBXBuildFile; fileRef = 4A2126811AB2068500BF0F10 /* CollagesTests.m */; };
		4A21268D1AB45D4600BF0F10 /* SearchUsersTableView.m in Sources */ = {isa = PBXBuildFile; fileRef = 4A21268C1AB45D4600BF0F10 /* SearchUsersTableView.m */; };
		4A21269A1AB4638400BF0F10 /* Collage.m in Sources */ = {isa = PBXBuildFile; fileRef = 4A2126921AB4638400BF0F10 /* Collage.m */; };
		4A21269B1AB4638400BF0F10 /* InstaEngine.m in Sources */ = {isa = PBXBuildFile; fileRef = 4A2126941AB4638400BF0F10 /* InstaEngine.m */; };
		4A21269C1AB4638400BF0F10 /* InstaPhoto.m in Sources */ = {isa = PBXBuildFile; fileRef = 4A2126961AB4638400BF0F10 /* InstaPhoto.m */; };
		4A21269D1AB4638400BF0F10 /* InstaUser.m in Sources */ = {isa = PBXBuildFile; fileRef = 4A2126981AB4638400BF0F10 /* InstaUser.m */; };
		4A21272A1AB463F600BF0F10 /* AFHTTPRequestOperation.m in Sources */ = {isa = PBXBuildFile; fileRef = 4A2126A01AB463F500BF0F10 /* AFHTTPRequestOperation.m */; };
		4A21272B1AB463F600BF0F10 /* AFHTTPRequestOperationManager.m in Sources */ = {isa = PBXBuildFile; fileRef = 4A2126A21AB463F500BF0F10 /* AFHTTPRequestOperationManager.m */; };
		4A21272C1AB463F600BF0F10 /* AFHTTPSessionManager.m in Sources */ = {isa = PBXBuildFile; fileRef = 4A2126A41AB463F500BF0F10 /* AFHTTPSessionManager.m */; };
		4A21272D1AB463F600BF0F10 /* AFNetworkReachabilityManager.m in Sources */ = {isa = PBXBuildFile; fileRef = 4A2126A71AB463F500BF0F10 /* AFNetworkReachabilityManager.m */; };
		4A21272E1AB463F600BF0F10 /* AFSecurityPolicy.m in Sources */ = {isa = PBXBuildFile; fileRef = 4A2126A91AB463F500BF0F10 /* AFSecurityPolicy.m */; };
		4A21272F1AB463F600BF0F10 /* AFURLConnectionOperation.m in Sources */ = {isa = PBXBuildFile; fileRef = 4A2126AB1AB463F500BF0F10 /* AFURLConnectionOperation.m */; };
		4A2127301AB463F600BF0F10 /* AFURLRequestSerialization.m in Sources */ = {isa = PBXBuildFile; fileRef = 4A2126AD1AB463F500BF0F10 /* AFURLRequestSerialization.m */; };
		4A2127311AB463F600BF0F10 /* AFURLResponseSerialization.m in Sources */ = {isa = PBXBuildFile; fileRef = 4A2126AF1AB463F500BF0F10 /* AFURLResponseSerialization.m */; };
		4A2127321AB463F600BF0F10 /* AFURLSessionManager.m in Sources */ = {isa = PBXBuildFile; fileRef = 4A2126B11AB463F500BF0F10 /* AFURLSessionManager.m */; };
		4A21276E1AB463F600BF0F10 /* AFNetworkActivityIndicatorManager.m in Sources */ = {isa = PBXBuildFile; fileRef = 4A21271A1AB463F600BF0F10 /* AFNetworkActivityIndicatorManager.m */; };
		4A21276F1AB463F600BF0F10 /* UIActivityIndicatorView+AFNetworking.m in Sources */ = {isa = PBXBuildFile; fileRef = 4A21271C1AB463F600BF0F10 /* UIActivityIndicatorView+AFNetworking.m */; };
		4A2127701AB463F600BF0F10 /* UIAlertView+AFNetworking.m in Sources */ = {isa = PBXBuildFile; fileRef = 4A21271E1AB463F600BF0F10 /* UIAlertView+AFNetworking.m */; };
		4A2127711AB463F600BF0F10 /* UIButton+AFNetworking.m in Sources */ = {isa = PBXBuildFile; fileRef = 4A2127201AB463F600BF0F10 /* UIButton+AFNetworking.m */; };
		4A2127721AB463F600BF0F10 /* UIImageView+AFNetworking.m in Sources */ = {isa = PBXBuildFile; fileRef = 4A2127221AB463F600BF0F10 /* UIImageView+AFNetworking.m */; };
		4A2127731AB463F600BF0F10 /* UIProgressView+AFNetworking.m in Sources */ = {isa = PBXBuildFile; fileRef = 4A2127251AB463F600BF0F10 /* UIProgressView+AFNetworking.m */; };
		4A2127741AB463F600BF0F10 /* UIRefreshControl+AFNetworking.m in Sources */ = {isa = PBXBuildFile; fileRef = 4A2127271AB463F600BF0F10 /* UIRefreshControl+AFNetworking.m */; };
		4A2127751AB463F600BF0F10 /* UIWebView+AFNetworking.m in Sources */ = {isa = PBXBuildFile; fileRef = 4A2127291AB463F600BF0F10 /* UIWebView+AFNetworking.m */; };
		4A555F661AB46EF500B6287A /* UserPhotosViewController.m in Sources */ = {isa = PBXBuildFile; fileRef = 4A555F651AB46EF500B6287A /* UserPhotosViewController.m */; };
		4A555F691AB476C800B6287A /* ImageCollectionViewCell.m in Sources */ = {isa = PBXBuildFile; fileRef = 4A555F681AB476C800B6287A /* ImageCollectionViewCell.m */; };
		4A6C84A41B0F851400286A09 /* AlbumContentsViewController.m in Sources */ = {isa = PBXBuildFile; fileRef = 4A6C84A31B0F851400286A09 /* AlbumContentsViewController.m */; };
		4A6C84A71B0F88F900286A09 /* AssetsLibrary.framework in Frameworks */ = {isa = PBXBuildFile; fileRef = 4A6C84A61B0F88F900286A09 /* AssetsLibrary.framework */; };
		4A6C84AA1B0FA1CC00286A09 /* ALAsset+ALAssetCategory.m in Sources */ = {isa = PBXBuildFile; fileRef = 4A6C84A91B0FA1CC00286A09 /* ALAsset+ALAssetCategory.m */; };
		4A7E9AE41AE29586007CC382 /* collage_templates.txt in Resources */ = {isa = PBXBuildFile; fileRef = 4A7E9AE31AE29586007CC382 /* collage_templates.txt */; };
		4A7E9AEA1AE2ED13007CC382 /* More.tiff in Resources */ = {isa = PBXBuildFile; fileRef = 4A7E9AE91AE2ED13007CC382 /* More.tiff */; };
		4A7E9AEF1AE3B4CB007CC382 /* ButtonsViewController.m in Sources */ = {isa = PBXBuildFile; fileRef = 4A7E9AEE1AE3B4CB007CC382 /* ButtonsViewController.m */; };
		4A7E9AF21AE3E56D007CC382 /* ChangingBordersViewController.m in Sources */ = {isa = PBXBuildFile; fileRef = 4A7E9AF11AE3E56D007CC382 /* ChangingBordersViewController.m */; };
		4AB917E11AB60A25000C69C8 /* SingInViewController.m in Sources */ = {isa = PBXBuildFile; fileRef = 4AB917E01AB60A25000C69C8 /* SingInViewController.m */; };
		4AD923121B161BFD008BB77A /* ColorWheelView.m in Sources */ = {isa = PBXBuildFile; fileRef = 4AD9230F1B161BFD008BB77A /* ColorWheelView.m */; };
		4AD923131B161BFD008BB77A /* MSColorUtils.m in Sources */ = {isa = PBXBuildFile; fileRef = 4AD923111B161BFD008BB77A /* MSColorUtils.m */; };
		4AE8DF1B1B2061B0000190DF /* AboutViewController.m in Sources */ = {isa = PBXBuildFile; fileRef = 4AE8DF1A1B2061B0000190DF /* AboutViewController.m */; };
		4AE8DF1D1B2069A1000190DF /* MessageUI.framework in Frameworks */ = {isa = PBXBuildFile; fileRef = 4AE8DF1C1B2069A1000190DF /* MessageUI.framework */; };
		4AE8DF1F1B20B352000190DF /* BOOKOS.TTF in Resources */ = {isa = PBXBuildFile; fileRef = 4AE8DF1E1B20B352000190DF /* BOOKOS.TTF */; };
		4AF97C231AF624A400FC6AE0 /* InstagramActivity.m in Sources */ = {isa = PBXBuildFile; fileRef = 4AF97C221AF624A400FC6AE0 /* InstagramActivity.m */; };
/* End PBXBuildFile section */

/* Begin PBXContainerItemProxy section */
		4A21267C1AB2068500BF0F10 /* PBXContainerItemProxy */ = {
			isa = PBXContainerItemProxy;
			containerPortal = 4A21265A1AB2068500BF0F10 /* Project object */;
			proxyType = 1;
			remoteGlobalIDString = 4A2126611AB2068500BF0F10;
			remoteInfo = Collages;
		};
/* End PBXContainerItemProxy section */

/* Begin PBXFileReference section */
		4A2126621AB2068500BF0F10 /* Collages.app */ = {isa = PBXFileReference; explicitFileType = wrapper.application; includeInIndex = 0; path = Collages.app; sourceTree = BUILT_PRODUCTS_DIR; };
		4A2126661AB2068500BF0F10 /* Info.plist */ = {isa = PBXFileReference; lastKnownFileType = text.plist.xml; path = Info.plist; sourceTree = "<group>"; };
		4A2126671AB2068500BF0F10 /* main.m */ = {isa = PBXFileReference; lastKnownFileType = sourcecode.c.objc; path = main.m; sourceTree = "<group>"; };
		4A2126691AB2068500BF0F10 /* AppDelegate.h */ = {isa = PBXFileReference; lastKnownFileType = sourcecode.c.h; path = AppDelegate.h; sourceTree = "<group>"; };
		4A21266A1AB2068500BF0F10 /* AppDelegate.m */ = {isa = PBXFileReference; lastKnownFileType = sourcecode.c.objc; path = AppDelegate.m; sourceTree = "<group>"; };
		4A21266C1AB2068500BF0F10 /* CollageViewController.h */ = {isa = PBXFileReference; lastKnownFileType = sourcecode.c.h; path = CollageViewController.h; sourceTree = "<group>"; };
		4A21266D1AB2068500BF0F10 /* CollageViewController.m */ = {isa = PBXFileReference; lastKnownFileType = sourcecode.c.objc; path = CollageViewController.m; sourceTree = "<group>"; };
		4A2126701AB2068500BF0F10 /* Base */ = {isa = PBXFileReference; lastKnownFileType = file.storyboard; name = Base; path = Base.lproj/Main.storyboard; sourceTree = "<group>"; };
		4A2126721AB2068500BF0F10 /* Images.xcassets */ = {isa = PBXFileReference; lastKnownFileType = folder.assetcatalog; path = Images.xcassets; sourceTree = "<group>"; };
		4A2126751AB2068500BF0F10 /* Base */ = {isa = PBXFileReference; lastKnownFileType = file.xib; name = Base; path = Base.lproj/LaunchScreen.xib; sourceTree = "<group>"; };
		4A21267B1AB2068500BF0F10 /* CollagesTests.xctest */ = {isa = PBXFileReference; explicitFileType = wrapper.cfbundle; includeInIndex = 0; path = CollagesTests.xctest; sourceTree = BUILT_PRODUCTS_DIR; };
		4A2126801AB2068500BF0F10 /* Info.plist */ = {isa = PBXFileReference; lastKnownFileType = text.plist.xml; path = Info.plist; sourceTree = "<group>"; };
		4A2126811AB2068500BF0F10 /* CollagesTests.m */ = {isa = PBXFileReference; lastKnownFileType = sourcecode.c.objc; path = CollagesTests.m; sourceTree = "<group>"; };
		4A21268B1AB45D4600BF0F10 /* SearchUsersTableView.h */ = {isa = PBXFileReference; fileEncoding = 4; lastKnownFileType = sourcecode.c.h; path = SearchUsersTableView.h; sourceTree = "<group>"; };
		4A21268C1AB45D4600BF0F10 /* SearchUsersTableView.m */ = {isa = PBXFileReference; fileEncoding = 4; lastKnownFileType = sourcecode.c.objc; path = SearchUsersTableView.m; sourceTree = "<group>"; };
		4A2126911AB4638400BF0F10 /* Collage.h */ = {isa = PBXFileReference; fileEncoding = 4; lastKnownFileType = sourcecode.c.h; path = Collage.h; sourceTree = "<group>"; };
		4A2126921AB4638400BF0F10 /* Collage.m */ = {isa = PBXFileReference; fileEncoding = 4; lastKnownFileType = sourcecode.c.objc; path = Collage.m; sourceTree = "<group>"; };
		4A2126931AB4638400BF0F10 /* InstaEngine.h */ = {isa = PBXFileReference; fileEncoding = 4; lastKnownFileType = sourcecode.c.h; path = InstaEngine.h; sourceTree = "<group>"; };
		4A2126941AB4638400BF0F10 /* InstaEngine.m */ = {isa = PBXFileReference; fileEncoding = 4; lastKnownFileType = sourcecode.c.objc; path = InstaEngine.m; sourceTree = "<group>"; };
		4A2126951AB4638400BF0F10 /* InstaPhoto.h */ = {isa = PBXFileReference; fileEncoding = 4; lastKnownFileType = sourcecode.c.h; path = InstaPhoto.h; sourceTree = "<group>"; };
		4A2126961AB4638400BF0F10 /* InstaPhoto.m */ = {isa = PBXFileReference; fileEncoding = 4; lastKnownFileType = sourcecode.c.objc; path = InstaPhoto.m; sourceTree = "<group>"; };
		4A2126971AB4638400BF0F10 /* InstaUser.h */ = {isa = PBXFileReference; fileEncoding = 4; lastKnownFileType = sourcecode.c.h; path = InstaUser.h; sourceTree = "<group>"; };
		4A2126981AB4638400BF0F10 /* InstaUser.m */ = {isa = PBXFileReference; fileEncoding = 4; lastKnownFileType = sourcecode.c.objc; path = InstaUser.m; sourceTree = "<group>"; };
		4A21269F1AB463F500BF0F10 /* AFHTTPRequestOperation.h */ = {isa = PBXFileReference; fileEncoding = 4; lastKnownFileType = sourcecode.c.h; path = AFHTTPRequestOperation.h; sourceTree = "<group>"; };
		4A2126A01AB463F500BF0F10 /* AFHTTPRequestOperation.m */ = {isa = PBXFileReference; fileEncoding = 4; lastKnownFileType = sourcecode.c.objc; path = AFHTTPRequestOperation.m; sourceTree = "<group>"; };
		4A2126A11AB463F500BF0F10 /* AFHTTPRequestOperationManager.h */ = {isa = PBXFileReference; fileEncoding = 4; lastKnownFileType = sourcecode.c.h; path = AFHTTPRequestOperationManager.h; sourceTree = "<group>"; };
		4A2126A21AB463F500BF0F10 /* AFHTTPRequestOperationManager.m */ = {isa = PBXFileReference; fileEncoding = 4; lastKnownFileType = sourcecode.c.objc; path = AFHTTPRequestOperationManager.m; sourceTree = "<group>"; };
		4A2126A31AB463F500BF0F10 /* AFHTTPSessionManager.h */ = {isa = PBXFileReference; fileEncoding = 4; lastKnownFileType = sourcecode.c.h; path = AFHTTPSessionManager.h; sourceTree = "<group>"; };
		4A2126A41AB463F500BF0F10 /* AFHTTPSessionManager.m */ = {isa = PBXFileReference; fileEncoding = 4; lastKnownFileType = sourcecode.c.objc; path = AFHTTPSessionManager.m; sourceTree = "<group>"; };
		4A2126A51AB463F500BF0F10 /* AFNetworking.h */ = {isa = PBXFileReference; fileEncoding = 4; lastKnownFileType = sourcecode.c.h; path = AFNetworking.h; sourceTree = "<group>"; };
		4A2126A61AB463F500BF0F10 /* AFNetworkReachabilityManager.h */ = {isa = PBXFileReference; fileEncoding = 4; lastKnownFileType = sourcecode.c.h; path = AFNetworkReachabilityManager.h; sourceTree = "<group>"; };
		4A2126A71AB463F500BF0F10 /* AFNetworkReachabilityManager.m */ = {isa = PBXFileReference; fileEncoding = 4; lastKnownFileType = sourcecode.c.objc; path = AFNetworkReachabilityManager.m; sourceTree = "<group>"; };
		4A2126A81AB463F500BF0F10 /* AFSecurityPolicy.h */ = {isa = PBXFileReference; fileEncoding = 4; lastKnownFileType = sourcecode.c.h; path = AFSecurityPolicy.h; sourceTree = "<group>"; };
		4A2126A91AB463F500BF0F10 /* AFSecurityPolicy.m */ = {isa = PBXFileReference; fileEncoding = 4; lastKnownFileType = sourcecode.c.objc; path = AFSecurityPolicy.m; sourceTree = "<group>"; };
		4A2126AA1AB463F500BF0F10 /* AFURLConnectionOperation.h */ = {isa = PBXFileReference; fileEncoding = 4; lastKnownFileType = sourcecode.c.h; path = AFURLConnectionOperation.h; sourceTree = "<group>"; };
		4A2126AB1AB463F500BF0F10 /* AFURLConnectionOperation.m */ = {isa = PBXFileReference; fileEncoding = 4; lastKnownFileType = sourcecode.c.objc; path = AFURLConnectionOperation.m; sourceTree = "<group>"; };
		4A2126AC1AB463F500BF0F10 /* AFURLRequestSerialization.h */ = {isa = PBXFileReference; fileEncoding = 4; lastKnownFileType = sourcecode.c.h; path = AFURLRequestSerialization.h; sourceTree = "<group>"; };
		4A2126AD1AB463F500BF0F10 /* AFURLRequestSerialization.m */ = {isa = PBXFileReference; fileEncoding = 4; lastKnownFileType = sourcecode.c.objc; path = AFURLRequestSerialization.m; sourceTree = "<group>"; };
		4A2126AE1AB463F500BF0F10 /* AFURLResponseSerialization.h */ = {isa = PBXFileReference; fileEncoding = 4; lastKnownFileType = sourcecode.c.h; path = AFURLResponseSerialization.h; sourceTree = "<group>"; };
		4A2126AF1AB463F500BF0F10 /* AFURLResponseSerialization.m */ = {isa = PBXFileReference; fileEncoding = 4; lastKnownFileType = sourcecode.c.objc; path = AFURLResponseSerialization.m; sourceTree = "<group>"; };
		4A2126B01AB463F500BF0F10 /* AFURLSessionManager.h */ = {isa = PBXFileReference; fileEncoding = 4; lastKnownFileType = sourcecode.c.h; path = AFURLSessionManager.h; sourceTree = "<group>"; };
		4A2126B11AB463F500BF0F10 /* AFURLSessionManager.m */ = {isa = PBXFileReference; fileEncoding = 4; lastKnownFileType = sourcecode.c.objc; path = AFURLSessionManager.m; sourceTree = "<group>"; };
		4A2127191AB463F600BF0F10 /* AFNetworkActivityIndicatorManager.h */ = {isa = PBXFileReference; fileEncoding = 4; lastKnownFileType = sourcecode.c.h; path = AFNetworkActivityIndicatorManager.h; sourceTree = "<group>"; };
		4A21271A1AB463F600BF0F10 /* AFNetworkActivityIndicatorManager.m */ = {isa = PBXFileReference; fileEncoding = 4; lastKnownFileType = sourcecode.c.objc; path = AFNetworkActivityIndicatorManager.m; sourceTree = "<group>"; };
		4A21271B1AB463F600BF0F10 /* UIActivityIndicatorView+AFNetworking.h */ = {isa = PBXFileReference; fileEncoding = 4; lastKnownFileType = sourcecode.c.h; path = "UIActivityIndicatorView+AFNetworking.h"; sourceTree = "<group>"; };
		4A21271C1AB463F600BF0F10 /* UIActivityIndicatorView+AFNetworking.m */ = {isa = PBXFileReference; fileEncoding = 4; lastKnownFileType = sourcecode.c.objc; path = "UIActivityIndicatorView+AFNetworking.m"; sourceTree = "<group>"; };
		4A21271D1AB463F600BF0F10 /* UIAlertView+AFNetworking.h */ = {isa = PBXFileReference; fileEncoding = 4; lastKnownFileType = sourcecode.c.h; path = "UIAlertView+AFNetworking.h"; sourceTree = "<group>"; };
		4A21271E1AB463F600BF0F10 /* UIAlertView+AFNetworking.m */ = {isa = PBXFileReference; fileEncoding = 4; lastKnownFileType = sourcecode.c.objc; path = "UIAlertView+AFNetworking.m"; sourceTree = "<group>"; };
		4A21271F1AB463F600BF0F10 /* UIButton+AFNetworking.h */ = {isa = PBXFileReference; fileEncoding = 4; lastKnownFileType = sourcecode.c.h; path = "UIButton+AFNetworking.h"; sourceTree = "<group>"; };
		4A2127201AB463F600BF0F10 /* UIButton+AFNetworking.m */ = {isa = PBXFileReference; fileEncoding = 4; lastKnownFileType = sourcecode.c.objc; path = "UIButton+AFNetworking.m"; sourceTree = "<group>"; };
		4A2127211AB463F600BF0F10 /* UIImageView+AFNetworking.h */ = {isa = PBXFileReference; fileEncoding = 4; lastKnownFileType = sourcecode.c.h; path = "UIImageView+AFNetworking.h"; sourceTree = "<group>"; };
		4A2127221AB463F600BF0F10 /* UIImageView+AFNetworking.m */ = {isa = PBXFileReference; fileEncoding = 4; lastKnownFileType = sourcecode.c.objc; path = "UIImageView+AFNetworking.m"; sourceTree = "<group>"; };
		4A2127231AB463F600BF0F10 /* UIKit+AFNetworking.h */ = {isa = PBXFileReference; fileEncoding = 4; lastKnownFileType = sourcecode.c.h; path = "UIKit+AFNetworking.h"; sourceTree = "<group>"; };
		4A2127241AB463F600BF0F10 /* UIProgressView+AFNetworking.h */ = {isa = PBXFileReference; fileEncoding = 4; lastKnownFileType = sourcecode.c.h; path = "UIProgressView+AFNetworking.h"; sourceTree = "<group>"; };
		4A2127251AB463F600BF0F10 /* UIProgressView+AFNetworking.m */ = {isa = PBXFileReference; fileEncoding = 4; lastKnownFileType = sourcecode.c.objc; path = "UIProgressView+AFNetworking.m"; sourceTree = "<group>"; };
		4A2127261AB463F600BF0F10 /* UIRefreshControl+AFNetworking.h */ = {isa = PBXFileReference; fileEncoding = 4; lastKnownFileType = sourcecode.c.h; path = "UIRefreshControl+AFNetworking.h"; sourceTree = "<group>"; };
		4A2127271AB463F600BF0F10 /* UIRefreshControl+AFNetworking.m */ = {isa = PBXFileReference; fileEncoding = 4; lastKnownFileType = sourcecode.c.objc; path = "UIRefreshControl+AFNetworking.m"; sourceTree = "<group>"; };
		4A2127281AB463F600BF0F10 /* UIWebView+AFNetworking.h */ = {isa = PBXFileReference; fileEncoding = 4; lastKnownFileType = sourcecode.c.h; path = "UIWebView+AFNetworking.h"; sourceTree = "<group>"; };
		4A2127291AB463F600BF0F10 /* UIWebView+AFNetworking.m */ = {isa = PBXFileReference; fileEncoding = 4; lastKnownFileType = sourcecode.c.objc; path = "UIWebView+AFNetworking.m"; sourceTree = "<group>"; };
		4A555F641AB46EF500B6287A /* UserPhotosViewController.h */ = {isa = PBXFileReference; fileEncoding = 4; lastKnownFileType = sourcecode.c.h; path = UserPhotosViewController.h; sourceTree = "<group>"; };
		4A555F651AB46EF500B6287A /* UserPhotosViewController.m */ = {isa = PBXFileReference; fileEncoding = 4; lastKnownFileType = sourcecode.c.objc; path = UserPhotosViewController.m; sourceTree = "<group>"; };
		4A555F671AB476C800B6287A /* ImageCollectionViewCell.h */ = {isa = PBXFileReference; fileEncoding = 4; lastKnownFileType = sourcecode.c.h; path = ImageCollectionViewCell.h; sourceTree = "<group>"; };
		4A555F681AB476C800B6287A /* ImageCollectionViewCell.m */ = {isa = PBXFileReference; fileEncoding = 4; lastKnownFileType = sourcecode.c.objc; path = ImageCollectionViewCell.m; sourceTree = "<group>"; };
		4A6C84A21B0F851400286A09 /* AlbumContentsViewController.h */ = {isa = PBXFileReference; fileEncoding = 4; lastKnownFileType = sourcecode.c.h; path = AlbumContentsViewController.h; sourceTree = "<group>"; };
		4A6C84A31B0F851400286A09 /* AlbumContentsViewController.m */ = {isa = PBXFileReference; fileEncoding = 4; lastKnownFileType = sourcecode.c.objc; path = AlbumContentsViewController.m; sourceTree = "<group>"; };
		4A6C84A61B0F88F900286A09 /* AssetsLibrary.framework */ = {isa = PBXFileReference; lastKnownFileType = wrapper.framework; name = AssetsLibrary.framework; path = System/Library/Frameworks/AssetsLibrary.framework; sourceTree = SDKROOT; };
		4A6C84A81B0FA1CC00286A09 /* ALAsset+ALAssetCategory.h */ = {isa = PBXFileReference; fileEncoding = 4; lastKnownFileType = sourcecode.c.h; path = "ALAsset+ALAssetCategory.h"; sourceTree = "<group>"; };
		4A6C84A91B0FA1CC00286A09 /* ALAsset+ALAssetCategory.m */ = {isa = PBXFileReference; fileEncoding = 4; lastKnownFileType = sourcecode.c.objc; path = "ALAsset+ALAssetCategory.m"; sourceTree = "<group>"; };
		4A7E9AE31AE29586007CC382 /* collage_templates.txt */ = {isa = PBXFileReference; fileEncoding = 4; lastKnownFileType = text; name = collage_templates.txt; path = ../collage_templates.txt; sourceTree = "<group>"; };
		4A7E9AE91AE2ED13007CC382 /* More.tiff */ = {isa = PBXFileReference; lastKnownFileType = image.tiff; path = More.tiff; sourceTree = "<group>"; };
		4A7E9AED1AE3B4CB007CC382 /* ButtonsViewController.h */ = {isa = PBXFileReference; fileEncoding = 4; lastKnownFileType = sourcecode.c.h; path = ButtonsViewController.h; sourceTree = "<group>"; };
		4A7E9AEE1AE3B4CB007CC382 /* ButtonsViewController.m */ = {isa = PBXFileReference; fileEncoding = 4; lastKnownFileType = sourcecode.c.objc; path = ButtonsViewController.m; sourceTree = "<group>"; };
		4A7E9AF01AE3E56D007CC382 /* ChangingBordersViewController.h */ = {isa = PBXFileReference; fileEncoding = 4; lastKnownFileType = sourcecode.c.h; path = ChangingBordersViewController.h; sourceTree = "<group>"; };
		4A7E9AF11AE3E56D007CC382 /* ChangingBordersViewController.m */ = {isa = PBXFileReference; fileEncoding = 4; lastKnownFileType = sourcecode.c.objc; path = ChangingBordersViewController.m; sourceTree = "<group>"; };
		4AB917DD1AB5B6A1000C69C8 /* Accelerate.framework */ = {isa = PBXFileReference; lastKnownFileType = wrapper.framework; name = Accelerate.framework; path = System/Library/Frameworks/Accelerate.framework; sourceTree = SDKROOT; };
		4AB917DF1AB60A25000C69C8 /* SingInViewController.h */ = {isa = PBXFileReference; fileEncoding = 4; lastKnownFileType = sourcecode.c.h; path = SingInViewController.h; sourceTree = "<group>"; };
		4AB917E01AB60A25000C69C8 /* SingInViewController.m */ = {isa = PBXFileReference; fileEncoding = 4; lastKnownFileType = sourcecode.c.objc; path = SingInViewController.m; sourceTree = "<group>"; };
		4AD9230E1B161BFD008BB77A /* ColorWheelView.h */ = {isa = PBXFileReference; fileEncoding = 4; lastKnownFileType = sourcecode.c.h; path = ColorWheelView.h; sourceTree = "<group>"; };
		4AD9230F1B161BFD008BB77A /* ColorWheelView.m */ = {isa = PBXFileReference; fileEncoding = 4; lastKnownFileType = sourcecode.c.objc; path = ColorWheelView.m; sourceTree = "<group>"; };
		4AD923101B161BFD008BB77A /* MSColorUtils.h */ = {isa = PBXFileReference; fileEncoding = 4; lastKnownFileType = sourcecode.c.h; path = MSColorUtils.h; sourceTree = "<group>"; };
		4AD923111B161BFD008BB77A /* MSColorUtils.m */ = {isa = PBXFileReference; fileEncoding = 4; lastKnownFileType = sourcecode.c.objc; path = MSColorUtils.m; sourceTree = "<group>"; };
		4AE8DF191B2061B0000190DF /* AboutViewController.h */ = {isa = PBXFileReference; fileEncoding = 4; lastKnownFileType = sourcecode.c.h; path = AboutViewController.h; sourceTree = "<group>"; };
		4AE8DF1A1B2061B0000190DF /* AboutViewController.m */ = {isa = PBXFileReference; fileEncoding = 4; lastKnownFileType = sourcecode.c.objc; path = AboutViewController.m; sourceTree = "<group>"; };
		4AE8DF1C1B2069A1000190DF /* MessageUI.framework */ = {isa = PBXFileReference; lastKnownFileType = wrapper.framework; name = MessageUI.framework; path = System/Library/Frameworks/MessageUI.framework; sourceTree = SDKROOT; };
		4AE8DF1E1B20B352000190DF /* BOOKOS.TTF */ = {isa = PBXFileReference; lastKnownFileType = file; path = BOOKOS.TTF; sourceTree = "<group>"; };
		4AF97C211AF624A400FC6AE0 /* InstagramActivity.h */ = {isa = PBXFileReference; fileEncoding = 4; lastKnownFileType = sourcecode.c.h; path = InstagramActivity.h; sourceTree = "<group>"; };
		4AF97C221AF624A400FC6AE0 /* InstagramActivity.m */ = {isa = PBXFileReference; fileEncoding = 4; lastKnownFileType = sourcecode.c.objc; path = InstagramActivity.m; sourceTree = "<group>"; };
/* End PBXFileReference section */

/* Begin PBXFrameworksBuildPhase section */
		4A21265F1AB2068500BF0F10 /* Frameworks */ = {
			isa = PBXFrameworksBuildPhase;
			buildActionMask = 2147483647;
			files = (
				4AE8DF1D1B2069A1000190DF /* MessageUI.framework in Frameworks */,
				4A6C84A71B0F88F900286A09 /* AssetsLibrary.framework in Frameworks */,
			);
			runOnlyForDeploymentPostprocessing = 0;
		};
		4A2126781AB2068500BF0F10 /* Frameworks */ = {
			isa = PBXFrameworksBuildPhase;
			buildActionMask = 2147483647;
			files = (
			);
			runOnlyForDeploymentPostprocessing = 0;
		};
/* End PBXFrameworksBuildPhase section */

/* Begin PBXGroup section */
		4A2126591AB2068500BF0F10 = {
			isa = PBXGroup;
			children = (
				4AE8DF1C1B2069A1000190DF /* MessageUI.framework */,
				4A6C84A61B0F88F900286A09 /* AssetsLibrary.framework */,
				4AB917DD1AB5B6A1000C69C8 /* Accelerate.framework */,
				4A2126641AB2068500BF0F10 /* Collages */,
				4A21267E1AB2068500BF0F10 /* CollagesTests */,
				4A2126631AB2068500BF0F10 /* Products */,
			);
			sourceTree = "<group>";
		};
		4A2126631AB2068500BF0F10 /* Products */ = {
			isa = PBXGroup;
			children = (
				4A2126621AB2068500BF0F10 /* Collages.app */,
				4A21267B1AB2068500BF0F10 /* CollagesTests.xctest */,
			);
			name = Products;
			sourceTree = "<group>";
		};
		4A2126641AB2068500BF0F10 /* Collages */ = {
			isa = PBXGroup;
			children = (
				4A21269E1AB463F500BF0F10 /* AFNetworking */,
				4A2127181AB463F600BF0F10 /* UIKit+AFNetworking */,
				4A2126901AB4600B00BF0F10 /* InstaEngine */,
				4A21268F1AB45FF900BF0F10 /* Model */,
				4A21268E1AB45FD200BF0F10 /* View Controllers */,
				4A2126691AB2068500BF0F10 /* AppDelegate.h */,
				4A21266A1AB2068500BF0F10 /* AppDelegate.m */,
				4A21266F1AB2068500BF0F10 /* Main.storyboard */,
				4A2126721AB2068500BF0F10 /* Images.xcassets */,
				4A7E9AE91AE2ED13007CC382 /* More.tiff */,
				4A2126741AB2068500BF0F10 /* LaunchScreen.xib */,
				4A2126651AB2068500BF0F10 /* Supporting Files */,
			);
			path = Collages;
			sourceTree = "<group>";
		};
		4A2126651AB2068500BF0F10 /* Supporting Files */ = {
			isa = PBXGroup;
			children = (
				4AE8DF1E1B20B352000190DF /* BOOKOS.TTF */,
				4A7E9AE31AE29586007CC382 /* collage_templates.txt */,
				4A2126661AB2068500BF0F10 /* Info.plist */,
				4A2126671AB2068500BF0F10 /* main.m */,
			);
			name = "Supporting Files";
			sourceTree = "<group>";
		};
		4A21267E1AB2068500BF0F10 /* CollagesTests */ = {
			isa = PBXGroup;
			children = (
				4A2126811AB2068500BF0F10 /* CollagesTests.m */,
				4A21267F1AB2068500BF0F10 /* Supporting Files */,
			);
			path = CollagesTests;
			sourceTree = "<group>";
		};
		4A21267F1AB2068500BF0F10 /* Supporting Files */ = {
			isa = PBXGroup;
			children = (
				4A2126801AB2068500BF0F10 /* Info.plist */,
			);
			name = "Supporting Files";
			sourceTree = "<group>";
		};
		4A21268E1AB45FD200BF0F10 /* View Controllers */ = {
			isa = PBXGroup;
			children = (
				4AD9230E1B161BFD008BB77A /* ColorWheelView.h */,
				4AD9230F1B161BFD008BB77A /* ColorWheelView.m */,
				4AD923101B161BFD008BB77A /* MSColorUtils.h */,
				4AD923111B161BFD008BB77A /* MSColorUtils.m */,
				4AB917DF1AB60A25000C69C8 /* SingInViewController.h */,
				4AB917E01AB60A25000C69C8 /* SingInViewController.m */,
				4A21268B1AB45D4600BF0F10 /* SearchUsersTableView.h */,
				4A21268C1AB45D4600BF0F10 /* SearchUsersTableView.m */,
				4A21266C1AB2068500BF0F10 /* CollageViewController.h */,
				4A21266D1AB2068500BF0F10 /* CollageViewController.m */,
				4AF97C211AF624A400FC6AE0 /* InstagramActivity.h */,
				4AF97C221AF624A400FC6AE0 /* InstagramActivity.m */,
				4A555F641AB46EF500B6287A /* UserPhotosViewController.h */,
				4A555F651AB46EF500B6287A /* UserPhotosViewController.m */,
				4A555F671AB476C800B6287A /* ImageCollectionViewCell.h */,
				4A555F681AB476C800B6287A /* ImageCollectionViewCell.m */,
				4A7E9AED1AE3B4CB007CC382 /* ButtonsViewController.h */,
				4A7E9AEE1AE3B4CB007CC382 /* ButtonsViewController.m */,
				4A7E9AF01AE3E56D007CC382 /* ChangingBordersViewController.h */,
				4A7E9AF11AE3E56D007CC382 /* ChangingBordersViewController.m */,
				4A6C84A21B0F851400286A09 /* AlbumContentsViewController.h */,
				4A6C84A31B0F851400286A09 /* AlbumContentsViewController.m */,
				4A6C84A81B0FA1CC00286A09 /* ALAsset+ALAssetCategory.h */,
				4A6C84A91B0FA1CC00286A09 /* ALAsset+ALAssetCategory.m */,
				4AE8DF191B2061B0000190DF /* AboutViewController.h */,
				4AE8DF1A1B2061B0000190DF /* AboutViewController.m */,
			);
			name = "View Controllers";
			sourceTree = "<group>";
		};
		4A21268F1AB45FF900BF0F10 /* Model */ = {
			isa = PBXGroup;
			children = (
				4A2126951AB4638400BF0F10 /* InstaPhoto.h */,
				4A2126961AB4638400BF0F10 /* InstaPhoto.m */,
				4A2126971AB4638400BF0F10 /* InstaUser.h */,
				4A2126981AB4638400BF0F10 /* InstaUser.m */,
				4A2126911AB4638400BF0F10 /* Collage.h */,
				4A2126921AB4638400BF0F10 /* Collage.m */,
			);
			name = Model;
			sourceTree = "<group>";
		};
		4A2126901AB4600B00BF0F10 /* InstaEngine */ = {
			isa = PBXGroup;
			children = (
				4A2126931AB4638400BF0F10 /* InstaEngine.h */,
				4A2126941AB4638400BF0F10 /* InstaEngine.m */,
			);
			name = InstaEngine;
			sourceTree = "<group>";
		};
		4A21269E1AB463F500BF0F10 /* AFNetworking */ = {
			isa = PBXGroup;
			children = (
				4A21269F1AB463F500BF0F10 /* AFHTTPRequestOperation.h */,
				4A2126A01AB463F500BF0F10 /* AFHTTPRequestOperation.m */,
				4A2126A11AB463F500BF0F10 /* AFHTTPRequestOperationManager.h */,
				4A2126A21AB463F500BF0F10 /* AFHTTPRequestOperationManager.m */,
				4A2126A31AB463F500BF0F10 /* AFHTTPSessionManager.h */,
				4A2126A41AB463F500BF0F10 /* AFHTTPSessionManager.m */,
				4A2126A51AB463F500BF0F10 /* AFNetworking.h */,
				4A2126A61AB463F500BF0F10 /* AFNetworkReachabilityManager.h */,
				4A2126A71AB463F500BF0F10 /* AFNetworkReachabilityManager.m */,
				4A2126A81AB463F500BF0F10 /* AFSecurityPolicy.h */,
				4A2126A91AB463F500BF0F10 /* AFSecurityPolicy.m */,
				4A2126AA1AB463F500BF0F10 /* AFURLConnectionOperation.h */,
				4A2126AB1AB463F500BF0F10 /* AFURLConnectionOperation.m */,
				4A2126AC1AB463F500BF0F10 /* AFURLRequestSerialization.h */,
				4A2126AD1AB463F500BF0F10 /* AFURLRequestSerialization.m */,
				4A2126AE1AB463F500BF0F10 /* AFURLResponseSerialization.h */,
				4A2126AF1AB463F500BF0F10 /* AFURLResponseSerialization.m */,
				4A2126B01AB463F500BF0F10 /* AFURLSessionManager.h */,
				4A2126B11AB463F500BF0F10 /* AFURLSessionManager.m */,
			);
			path = AFNetworking;
			sourceTree = "<group>";
		};
		4A2127181AB463F600BF0F10 /* UIKit+AFNetworking */ = {
			isa = PBXGroup;
			children = (
				4A2127191AB463F600BF0F10 /* AFNetworkActivityIndicatorManager.h */,
				4A21271A1AB463F600BF0F10 /* AFNetworkActivityIndicatorManager.m */,
				4A21271B1AB463F600BF0F10 /* UIActivityIndicatorView+AFNetworking.h */,
				4A21271C1AB463F600BF0F10 /* UIActivityIndicatorView+AFNetworking.m */,
				4A21271D1AB463F600BF0F10 /* UIAlertView+AFNetworking.h */,
				4A21271E1AB463F600BF0F10 /* UIAlertView+AFNetworking.m */,
				4A21271F1AB463F600BF0F10 /* UIButton+AFNetworking.h */,
				4A2127201AB463F600BF0F10 /* UIButton+AFNetworking.m */,
				4A2127211AB463F600BF0F10 /* UIImageView+AFNetworking.h */,
				4A2127221AB463F600BF0F10 /* UIImageView+AFNetworking.m */,
				4A2127231AB463F600BF0F10 /* UIKit+AFNetworking.h */,
				4A2127241AB463F600BF0F10 /* UIProgressView+AFNetworking.h */,
				4A2127251AB463F600BF0F10 /* UIProgressView+AFNetworking.m */,
				4A2127261AB463F600BF0F10 /* UIRefreshControl+AFNetworking.h */,
				4A2127271AB463F600BF0F10 /* UIRefreshControl+AFNetworking.m */,
				4A2127281AB463F600BF0F10 /* UIWebView+AFNetworking.h */,
				4A2127291AB463F600BF0F10 /* UIWebView+AFNetworking.m */,
			);
			path = "UIKit+AFNetworking";
			sourceTree = "<group>";
		};
/* End PBXGroup section */

/* Begin PBXNativeTarget section */
		4A2126611AB2068500BF0F10 /* Collages */ = {
			isa = PBXNativeTarget;
			buildConfigurationList = 4A2126851AB2068500BF0F10 /* Build configuration list for PBXNativeTarget "Collages" */;
			buildPhases = (
				4A21265E1AB2068500BF0F10 /* Sources */,
				4A21265F1AB2068500BF0F10 /* Frameworks */,
				4A2126601AB2068500BF0F10 /* Resources */,
			);
			buildRules = (
			);
			dependencies = (
			);
			name = Collages;
			productName = Collages;
			productReference = 4A2126621AB2068500BF0F10 /* Collages.app */;
			productType = "com.apple.product-type.application";
		};
		4A21267A1AB2068500BF0F10 /* CollagesTests */ = {
			isa = PBXNativeTarget;
			buildConfigurationList = 4A2126881AB2068500BF0F10 /* Build configuration list for PBXNativeTarget "CollagesTests" */;
			buildPhases = (
				4A2126771AB2068500BF0F10 /* Sources */,
				4A2126781AB2068500BF0F10 /* Frameworks */,
				4A2126791AB2068500BF0F10 /* Resources */,
			);
			buildRules = (
			);
			dependencies = (
				4A21267D1AB2068500BF0F10 /* PBXTargetDependency */,
			);
			name = CollagesTests;
			productName = CollagesTests;
			productReference = 4A21267B1AB2068500BF0F10 /* CollagesTests.xctest */;
			productType = "com.apple.product-type.bundle.unit-test";
		};
/* End PBXNativeTarget section */

/* Begin PBXProject section */
		4A21265A1AB2068500BF0F10 /* Project object */ = {
			isa = PBXProject;
			attributes = {
				LastUpgradeCheck = 0610;
				ORGANIZATIONNAME = "Ekaterina Belinskaya";
				TargetAttributes = {
					4A2126611AB2068500BF0F10 = {
						CreatedOnToolsVersion = 6.1.1;
						DevelopmentTeam = 225AA7AUCM;
					};
					4A21267A1AB2068500BF0F10 = {
						CreatedOnToolsVersion = 6.1.1;
						TestTargetID = 4A2126611AB2068500BF0F10;
					};
				};
			};
			buildConfigurationList = 4A21265D1AB2068500BF0F10 /* Build configuration list for PBXProject "Collages" */;
			compatibilityVersion = "Xcode 3.2";
			developmentRegion = English;
			hasScannedForEncodings = 0;
			knownRegions = (
				en,
				Base,
			);
			mainGroup = 4A2126591AB2068500BF0F10;
			productRefGroup = 4A2126631AB2068500BF0F10 /* Products */;
			projectDirPath = "";
			projectRoot = "";
			targets = (
				4A2126611AB2068500BF0F10 /* Collages */,
				4A21267A1AB2068500BF0F10 /* CollagesTests */,
			);
		};
/* End PBXProject section */

/* Begin PBXResourcesBuildPhase section */
		4A2126601AB2068500BF0F10 /* Resources */ = {
			isa = PBXResourcesBuildPhase;
			buildActionMask = 2147483647;
			files = (
				4A7E9AE41AE29586007CC382 /* collage_templates.txt in Resources */,
				4A2126711AB2068500BF0F10 /* Main.storyboard in Resources */,
				4A2126761AB2068500BF0F10 /* LaunchScreen.xib in Resources */,
				4A7E9AEA1AE2ED13007CC382 /* More.tiff in Resources */,
				4A2126731AB2068500BF0F10 /* Images.xcassets in Resources */,
				4AE8DF1F1B20B352000190DF /* BOOKOS.TTF in Resources */,
			);
			runOnlyForDeploymentPostprocessing = 0;
		};
		4A2126791AB2068500BF0F10 /* Resources */ = {
			isa = PBXResourcesBuildPhase;
			buildActionMask = 2147483647;
			files = (
			);
			runOnlyForDeploymentPostprocessing = 0;
		};
/* End PBXResourcesBuildPhase section */

/* Begin PBXSourcesBuildPhase section */
		4A21265E1AB2068500BF0F10 /* Sources */ = {
			isa = PBXSourcesBuildPhase;
			buildActionMask = 2147483647;
			files = (
				4AB917E11AB60A25000C69C8 /* SingInViewController.m in Sources */,
				4A2127731AB463F600BF0F10 /* UIProgressView+AFNetworking.m in Sources */,
				4AD923131B161BFD008BB77A /* MSColorUtils.m in Sources */,
				4AF97C231AF624A400FC6AE0 /* InstagramActivity.m in Sources */,
				4A2127741AB463F600BF0F10 /* UIRefreshControl+AFNetworking.m in Sources */,
				4A2127321AB463F600BF0F10 /* AFURLSessionManager.m in Sources */,
				4A21272F1AB463F600BF0F10 /* AFURLConnectionOperation.m in Sources */,
				4A7E9AF21AE3E56D007CC382 /* ChangingBordersViewController.m in Sources */,
				4A2127701AB463F600BF0F10 /* UIAlertView+AFNetworking.m in Sources */,
				4AD923121B161BFD008BB77A /* ColorWheelView.m in Sources */,
				4A2127721AB463F600BF0F10 /* UIImageView+AFNetworking.m in Sources */,
				4A21272A1AB463F600BF0F10 /* AFHTTPRequestOperation.m in Sources */,
				4A21268D1AB45D4600BF0F10 /* SearchUsersTableView.m in Sources */,
				4A21272B1AB463F600BF0F10 /* AFHTTPRequestOperationManager.m in Sources */,
				4A2127711AB463F600BF0F10 /* UIButton+AFNetworking.m in Sources */,
				4A21269C1AB4638400BF0F10 /* InstaPhoto.m in Sources */,
				4A21269B1AB4638400BF0F10 /* InstaEngine.m in Sources */,
				4A21272C1AB463F600BF0F10 /* AFHTTPSessionManager.m in Sources */,
				4AE8DF1B1B2061B0000190DF /* AboutViewController.m in Sources */,
				4A7E9AEF1AE3B4CB007CC382 /* ButtonsViewController.m in Sources */,
				4A21266E1AB2068500BF0F10 /* CollageViewController.m in Sources */,
				4A555F661AB46EF500B6287A /* UserPhotosViewController.m in Sources */,
				4A21269D1AB4638400BF0F10 /* InstaUser.m in Sources */,
				4A21266B1AB2068500BF0F10 /* AppDelegate.m in Sources */,
				4A21276E1AB463F600BF0F10 /* AFNetworkActivityIndicatorManager.m in Sources */,
				4A6C84A41B0F851400286A09 /* AlbumContentsViewController.m in Sources */,
				4A21272E1AB463F600BF0F10 /* AFSecurityPolicy.m in Sources */,
				4A21269A1AB4638400BF0F10 /* Collage.m in Sources */,
				4A2127301AB463F600BF0F10 /* AFURLRequestSerialization.m in Sources */,
				4A2127751AB463F600BF0F10 /* UIWebView+AFNetworking.m in Sources */,
				4A555F691AB476C800B6287A /* ImageCollectionViewCell.m in Sources */,
				4A21276F1AB463F600BF0F10 /* UIActivityIndicatorView+AFNetworking.m in Sources */,
				4A6C84AA1B0FA1CC00286A09 /* ALAsset+ALAssetCategory.m in Sources */,
				4A21272D1AB463F600BF0F10 /* AFNetworkReachabilityManager.m in Sources */,
				4A2127311AB463F600BF0F10 /* AFURLResponseSerialization.m in Sources */,
				4A2126681AB2068500BF0F10 /* main.m in Sources */,
			);
			runOnlyForDeploymentPostprocessing = 0;
		};
		4A2126771AB2068500BF0F10 /* Sources */ = {
			isa = PBXSourcesBuildPhase;
			buildActionMask = 2147483647;
			files = (
				4A2126821AB2068500BF0F10 /* CollagesTests.m in Sources */,
			);
			runOnlyForDeploymentPostprocessing = 0;
		};
/* End PBXSourcesBuildPhase section */

/* Begin PBXTargetDependency section */
		4A21267D1AB2068500BF0F10 /* PBXTargetDependency */ = {
			isa = PBXTargetDependency;
			target = 4A2126611AB2068500BF0F10 /* Collages */;
			targetProxy = 4A21267C1AB2068500BF0F10 /* PBXContainerItemProxy */;
		};
/* End PBXTargetDependency section */

/* Begin PBXVariantGroup section */
		4A21266F1AB2068500BF0F10 /* Main.storyboard */ = {
			isa = PBXVariantGroup;
			children = (
				4A2126701AB2068500BF0F10 /* Base */,
			);
			name = Main.storyboard;
			sourceTree = "<group>";
		};
		4A2126741AB2068500BF0F10 /* LaunchScreen.xib */ = {
			isa = PBXVariantGroup;
			children = (
				4A2126751AB2068500BF0F10 /* Base */,
			);
			name = LaunchScreen.xib;
			sourceTree = "<group>";
		};
/* End PBXVariantGroup section */

/* Begin XCBuildConfiguration section */
		4A2126831AB2068500BF0F10 /* Debug */ = {
			isa = XCBuildConfiguration;
			buildSettings = {
				ALWAYS_SEARCH_USER_PATHS = NO;
				CLANG_CXX_LANGUAGE_STANDARD = "gnu++0x";
				CLANG_CXX_LIBRARY = "libc++";
				CLANG_ENABLE_MODULES = YES;
				CLANG_ENABLE_OBJC_ARC = YES;
				CLANG_WARN_BOOL_CONVERSION = YES;
				CLANG_WARN_CONSTANT_CONVERSION = YES;
				CLANG_WARN_DIRECT_OBJC_ISA_USAGE = YES_ERROR;
				CLANG_WARN_EMPTY_BODY = YES;
				CLANG_WARN_ENUM_CONVERSION = YES;
				CLANG_WARN_INT_CONVERSION = YES;
				CLANG_WARN_OBJC_ROOT_CLASS = YES_ERROR;
				CLANG_WARN_UNREACHABLE_CODE = YES;
				CLANG_WARN__DUPLICATE_METHOD_MATCH = YES;
				"CODE_SIGN_IDENTITY[sdk=iphoneos*]" = "iPhone Developer";
				COPY_PHASE_STRIP = NO;
				ENABLE_STRICT_OBJC_MSGSEND = YES;
				GCC_C_LANGUAGE_STANDARD = gnu99;
				GCC_DYNAMIC_NO_PIC = NO;
				GCC_OPTIMIZATION_LEVEL = 0;
				GCC_PREPROCESSOR_DEFINITIONS = (
					"DEBUG=1",
					"$(inherited)",
				);
				GCC_SYMBOLS_PRIVATE_EXTERN = NO;
				GCC_WARN_64_TO_32_BIT_CONVERSION = YES;
				GCC_WARN_ABOUT_RETURN_TYPE = YES_ERROR;
				GCC_WARN_UNDECLARED_SELECTOR = YES;
				GCC_WARN_UNINITIALIZED_AUTOS = YES_AGGRESSIVE;
				GCC_WARN_UNUSED_FUNCTION = YES;
				GCC_WARN_UNUSED_VARIABLE = YES;
				IPHONEOS_DEPLOYMENT_TARGET = 8.1;
				MTL_ENABLE_DEBUG_INFO = YES;
				ONLY_ACTIVE_ARCH = YES;
				SDKROOT = iphoneos;
			};
			name = Debug;
		};
		4A2126841AB2068500BF0F10 /* Release */ = {
			isa = XCBuildConfiguration;
			buildSettings = {
				ALWAYS_SEARCH_USER_PATHS = NO;
				CLANG_CXX_LANGUAGE_STANDARD = "gnu++0x";
				CLANG_CXX_LIBRARY = "libc++";
				CLANG_ENABLE_MODULES = YES;
				CLANG_ENABLE_OBJC_ARC = YES;
				CLANG_WARN_BOOL_CONVERSION = YES;
				CLANG_WARN_CONSTANT_CONVERSION = YES;
				CLANG_WARN_DIRECT_OBJC_ISA_USAGE = YES_ERROR;
				CLANG_WARN_EMPTY_BODY = YES;
				CLANG_WARN_ENUM_CONVERSION = YES;
				CLANG_WARN_INT_CONVERSION = YES;
				CLANG_WARN_OBJC_ROOT_CLASS = YES_ERROR;
				CLANG_WARN_UNREACHABLE_CODE = YES;
				CLANG_WARN__DUPLICATE_METHOD_MATCH = YES;
				"CODE_SIGN_IDENTITY[sdk=iphoneos*]" = "iPhone Developer";
				COPY_PHASE_STRIP = YES;
				ENABLE_NS_ASSERTIONS = NO;
				ENABLE_STRICT_OBJC_MSGSEND = YES;
				GCC_C_LANGUAGE_STANDARD = gnu99;
				GCC_WARN_64_TO_32_BIT_CONVERSION = YES;
				GCC_WARN_ABOUT_RETURN_TYPE = YES_ERROR;
				GCC_WARN_UNDECLARED_SELECTOR = YES;
				GCC_WARN_UNINITIALIZED_AUTOS = YES_AGGRESSIVE;
				GCC_WARN_UNUSED_FUNCTION = YES;
				GCC_WARN_UNUSED_VARIABLE = YES;
				IPHONEOS_DEPLOYMENT_TARGET = 8.1;
				MTL_ENABLE_DEBUG_INFO = NO;
				SDKROOT = iphoneos;
				VALIDATE_PRODUCT = YES;
			};
			name = Release;
		};
		4A2126861AB2068500BF0F10 /* Debug */ = {
			isa = XCBuildConfiguration;
			buildSettings = {
				ASSETCATALOG_COMPILER_APPICON_NAME = AppIcon;
				CODE_SIGN_IDENTITY = "iPhone Developer";
				"CODE_SIGN_IDENTITY[sdk=iphoneos*]" = "iPhone Developer";
				INFOPLIST_FILE = Collages/Info.plist;
				LD_RUNPATH_SEARCH_PATHS = "$(inherited) @executable_path/Frameworks";
				PRODUCT_NAME = "$(TARGET_NAME)";
				PROVISIONING_PROFILE = "";
				TARGETED_DEVICE_FAMILY = 1;
			};
			name = Debug;
		};
		4A2126871AB2068500BF0F10 /* Release */ = {
			isa = XCBuildConfiguration;
			buildSettings = {
				ASSETCATALOG_COMPILER_APPICON_NAME = AppIcon;
				CODE_SIGN_IDENTITY = "iPhone Developer";
				"CODE_SIGN_IDENTITY[sdk=iphoneos*]" = "iPhone Developer";
				INFOPLIST_FILE = Collages/Info.plist;
				LD_RUNPATH_SEARCH_PATHS = "$(inherited) @executable_path/Frameworks";
				PRODUCT_NAME = "$(TARGET_NAME)";
				PROVISIONING_PROFILE = "";
				TARGETED_DEVICE_FAMILY = 1;
			};
			name = Release;
		};
		4A2126891AB2068500BF0F10 /* Debug */ = {
			isa = XCBuildConfiguration;
			buildSettings = {
				BUNDLE_LOADER = "$(TEST_HOST)";
				FRAMEWORK_SEARCH_PATHS = (
					"$(SDKROOT)/Developer/Library/Frameworks",
					"$(inherited)",
				);
				GCC_PREPROCESSOR_DEFINITIONS = (
					"DEBUG=1",
					"$(inherited)",
				);
				INFOPLIST_FILE = CollagesTests/Info.plist;
				LD_RUNPATH_SEARCH_PATHS = "$(inherited) @executable_path/Frameworks @loader_path/Frameworks";
				PRODUCT_NAME = "$(TARGET_NAME)";
				TEST_HOST = "$(BUILT_PRODUCTS_DIR)/Collages.app/Collages";
			};
			name = Debug;
		};
		4A21268A1AB2068500BF0F10 /* Release */ = {
			isa = XCBuildConfiguration;
			buildSettings = {
				BUNDLE_LOADER = "$(TEST_HOST)";
				FRAMEWORK_SEARCH_PATHS = (
					"$(SDKROOT)/Developer/Library/Frameworks",
					"$(inherited)",
				);
				INFOPLIST_FILE = CollagesTests/Info.plist;
				LD_RUNPATH_SEARCH_PATHS = "$(inherited) @executable_path/Frameworks @loader_path/Frameworks";
				PRODUCT_NAME = "$(TARGET_NAME)";
				TEST_HOST = "$(BUILT_PRODUCTS_DIR)/Collages.app/Collages";
			};
			name = Release;
		};
/* End XCBuildConfiguration section */

/* Begin XCConfigurationList section */
		4A21265D1AB2068500BF0F10 /* Build configuration list for PBXProject "Collages" */ = {
			isa = XCConfigurationList;
			buildConfigurations = (
				4A2126831AB2068500BF0F10 /* Debug */,
				4A2126841AB2068500BF0F10 /* Release */,
			);
			defaultConfigurationIsVisible = 0;
			defaultConfigurationName = Release;
		};
		4A2126851AB2068500BF0F10 /* Build configuration list for PBXNativeTarget "Collages" */ = {
			isa = XCConfigurationList;
			buildConfigurations = (
				4A2126861AB2068500BF0F10 /* Debug */,
				4A2126871AB2068500BF0F10 /* Release */,
			);
			defaultConfigurationIsVisible = 0;
			defaultConfigurationName = Release;
		};
		4A2126881AB2068500BF0F10 /* Build configuration list for PBXNativeTarget "CollagesTests" */ = {
			isa = XCConfigurationList;
			buildConfigurations = (
				4A2126891AB2068500BF0F10 /* Debug */,
				4A21268A1AB2068500BF0F10 /* Release */,
			);
			defaultConfigurationIsVisible = 0;
			defaultConfigurationName = Release;
		};
/* End XCConfigurationList section */
	};
	rootObject = 4A21265A1AB2068500BF0F10 /* Project object */;
}
